
Microsoft Visual Studio Solution File, Format Version 12.00
# Visual Studio Version 16
VisualStudioVersion = 16.0.31624.102
MinimumVisualStudioVersion = 10.0.40219.1
Project("{FAE04EC0-301F-11D3-BF4B-00C04F79EFBC}") = "JovemProgramadorMvc", "JovemProgramadorMvc\JovemProgramadorMvc.csproj", "{D05E61EC-C3B8-4D5E-8528-FD6E8CA355DE}"
EndProject
Global
	GlobalSection(SolutionConfigurationPlatforms) = preSolution
		Debug|Any CPU = Debug|Any CPU
		Release|Any CPU = Release|Any CPU
	EndGlobalSection
	GlobalSection(ProjectConfigurationPlatforms) = postSolution
		{D05E61EC-C3B8-4D5E-8528-FD6E8CA355DE}.Debug|Any CPU.ActiveCfg = Debug|Any CPU
		{D05E61EC-C3B8-4D5E-8528-FD6E8CA355DE}.Debug|Any CPU.Build.0 = Debug|Any CPU
		{D05E61EC-C3B8-4D5E-8528-FD6E8CA355DE}.Release|Any CPU.ActiveCfg = Release|Any CPU
		{D05E61EC-C3B8-4D5E-8528-FD6E8CA355DE}.Release|Any CPU.Build.0 = Release|Any CPU
	EndGlobalSection
	GlobalSection(SolutionProperties) = preSolution
		HideSolutionNode = FALSE
	EndGlobalSection
	GlobalSection(ExtensibilityGlobals) = postSolution
		SolutionGuid = {889B6400-9C48-4824-A540-7733FBCB3FA7}
	EndGlobalSection
EndGlobal
